{
  "name": "backend",
  "version": "1.0.0",
  "lockfileVersion": 3,
  "requires": true,
  "packages": {
    "": {
      "name": "backend",
      "version": "1.0.0",
      "dependencies": {
        "dtr-automation-system": "file:.."
      }
    },
    "..": {
      "name": "dtr-automation-system",
      "version": "1.0.0",
      "devDependencies": {
        "concurrently": "^9.1.2"
      }
    },
    "node_modules/dtr-automation-system": {
      "resolved": "..",
      "link": true
    }
  }
}
